lockfileVersion: '6.0'

settings:
  autoInstallPeers: true
  excludeLinksFromLockfile: false

dependencies:
  eventemitter3:
    specifier: ^5.0.1
    version: registry.npmmirror.com/eventemitter3@5.0.1
  qq-guild-bot:
    specifier: ^2.9.5
    version: registry.npmmirror.com/qq-guild-bot@2.9.5

devDependencies:
  '@types/node':
    specifier: ^20.4.4
    version: registry.npmmirror.com/@types/node@20.4.4
  ts-node:
    specifier: ^10.9.1
    version: registry.npmmirror.com/ts-node@10.9.1(@types/node@20.4.4)(typescript@5.1.6)
  typescript:
    specifier: ^5.1.6
    version: registry.npmmirror.com/typescript@5.1.6

packages:

  registry.npmmirror.com/@cspotcode/source-map-support@0.8.1:
    resolution: {integrity: sha512-IchNf6dN4tHoMFIn/7OE8LWZ19Y6q/67Bmf6vnGREv8RSbBVb9LPJxEcnwrcwX6ixSvaiGoomAUvu4YSxXrVgw==, registry: https://registry.npm.taobao.org/, tarball: https://registry.npmmirror.com/@cspotcode/source-map-support/-/source-map-support-0.8.1.tgz}
    name: '@cspotcode/source-map-support'
    version: 0.8.1
    engines: {node: '>=12'}
    dependencies:
      '@jridgewell/trace-mapping': registry.npmmirror.com/@jridgewell/trace-mapping@0.3.9
    dev: true

  registry.npmmirror.com/@jridgewell/resolve-uri@3.1.1:
    resolution: {integrity: sha512-dSYZh7HhCDtCKm4QakX0xFpsRDqjjtZf/kjI/v3T3Nwt5r8/qz/M19F9ySyOqU94SXBmeG9ttTul+YnR4LOxFA==, registry: https://registry.npm.taobao.org/, tarball: https://registry.npmmirror.com/@jridgewell/resolve-uri/-/resolve-uri-3.1.1.tgz}
    name: '@jridgewell/resolve-uri'
    version: 3.1.1
    engines: {node: '>=6.0.0'}
    dev: true

  registry.npmmirror.com/@jridgewell/sourcemap-codec@1.4.15:
    resolution: {integrity: sha512-eF2rxCRulEKXHTRiDrDy6erMYWqNw4LPdQ8UQA4huuxaQsVeRPFl2oM8oDGxMFhJUWZf9McpLtJasDDZb/Bpeg==, registry: https://registry.npm.taobao.org/, tarball: https://registry.npmmirror.com/@jridgewell/sourcemap-codec/-/sourcemap-codec-1.4.15.tgz}
    name: '@jridgewell/sourcemap-codec'
    version: 1.4.15
    dev: true

  registry.npmmirror.com/@jridgewell/trace-mapping@0.3.9:
    resolution: {integrity: sha512-3Belt6tdc8bPgAtbcmdtNJlirVoTmEb5e2gC94PnkwEW9jI6CAHUeoG85tjWP5WquqfavoMtMwiG4P926ZKKuQ==, registry: https://registry.npm.taobao.org/, tarball: https://registry.npmmirror.com/@jridgewell/trace-mapping/-/trace-mapping-0.3.9.tgz}
    name: '@jridgewell/trace-mapping'
    version: 0.3.9
    dependencies:
      '@jridgewell/resolve-uri': registry.npmmirror.com/@jridgewell/resolve-uri@3.1.1
      '@jridgewell/sourcemap-codec': registry.npmmirror.com/@jridgewell/sourcemap-codec@1.4.15
    dev: true

  registry.npmmirror.com/@tsconfig/node10@1.0.9:
    resolution: {integrity: sha512-jNsYVVxU8v5g43Erja32laIDHXeoNvFEpX33OK4d6hljo3jDhCBDhx5dhCCTMWUojscpAagGiRkBKxpdl9fxqA==, registry: https://registry.npm.taobao.org/, tarball: https://registry.npmmirror.com/@tsconfig/node10/-/node10-1.0.9.tgz}
    name: '@tsconfig/node10'
    version: 1.0.9
    dev: true

  registry.npmmirror.com/@tsconfig/node12@1.0.11:
    resolution: {integrity: sha512-cqefuRsh12pWyGsIoBKJA9luFu3mRxCA+ORZvA4ktLSzIuCUtWVxGIuXigEwO5/ywWFMZ2QEGKWvkZG1zDMTag==, registry: https://registry.npm.taobao.org/, tarball: https://registry.npmmirror.com/@tsconfig/node12/-/node12-1.0.11.tgz}
    name: '@tsconfig/node12'
    version: 1.0.11
    dev: true

  registry.npmmirror.com/@tsconfig/node14@1.0.3:
    resolution: {integrity: sha512-ysT8mhdixWK6Hw3i1V2AeRqZ5WfXg1G43mqoYlM2nc6388Fq5jcXyr5mRsqViLx/GJYdoL0bfXD8nmF+Zn/Iow==, registry: https://registry.npm.taobao.org/, tarball: https://registry.npmmirror.com/@tsconfig/node14/-/node14-1.0.3.tgz}
    name: '@tsconfig/node14'
    version: 1.0.3
    dev: true

  registry.npmmirror.com/@tsconfig/node16@1.0.4:
    resolution: {integrity: sha512-vxhUy4J8lyeyinH7Azl1pdd43GJhZH/tP2weN8TntQblOY+A0XbT8DJk1/oCPuOOyg/Ja757rG0CgHcWC8OfMA==, registry: https://registry.npm.taobao.org/, tarball: https://registry.npmmirror.com/@tsconfig/node16/-/node16-1.0.4.tgz}
    name: '@tsconfig/node16'
    version: 1.0.4
    dev: true

  registry.npmmirror.com/@types/node@20.4.4:
    resolution: {integrity: sha512-CukZhumInROvLq3+b5gLev+vgpsIqC2D0deQr/yS1WnxvmYLlJXZpaQrQiseMY+6xusl79E04UjWoqyr+t1/Ew==, registry: https://registry.npm.taobao.org/, tarball: https://registry.npmmirror.com/@types/node/-/node-20.4.4.tgz}
    name: '@types/node'
    version: 20.4.4
    dev: true

  registry.npmmirror.com/acorn-walk@8.2.0:
    resolution: {integrity: sha512-k+iyHEuPgSw6SbuDpGQM+06HQUa04DZ3o+F6CSzXMvvI5KMvnaEqXe+YVe555R9nn6GPt404fos4wcgpw12SDA==, registry: https://registry.npm.taobao.org/, tarball: https://registry.npmmirror.com/acorn-walk/-/acorn-walk-8.2.0.tgz}
    name: acorn-walk
    version: 8.2.0
    engines: {node: '>=0.4.0'}
    dev: true

  registry.npmmirror.com/acorn@8.10.0:
    resolution: {integrity: sha512-F0SAmZ8iUtS//m8DmCTA0jlh6TDKkHQyK6xc6V4KDTyZKA9dnvX9/3sRTVQrWm79glUAZbnmmNcdYwUIHWVybw==, registry: https://registry.npm.taobao.org/, tarball: https://registry.npmmirror.com/acorn/-/acorn-8.10.0.tgz}
    name: acorn
    version: 8.10.0
    engines: {node: '>=0.4.0'}
    hasBin: true
    dev: true

  registry.npmmirror.com/arg@4.1.3:
    resolution: {integrity: sha512-58S9QDqG0Xx27YwPSt9fJxivjYl432YCwfDMfZ+71RAqUrZef7LrKQZ3LHLOwCS4FLNBplP533Zx895SeOCHvA==, registry: https://registry.npm.taobao.org/, tarball: https://registry.npmmirror.com/arg/-/arg-4.1.3.tgz}
    name: arg
    version: 4.1.3
    dev: true

  registry.npmmirror.com/asynckit@0.4.0:
    resolution: {integrity: sha512-Oei9OH4tRh0YqU3GxhX79dM/mwVgvbZJaSNaRk+bshkj0S5cfHcgYakreBjrHwatXKbz+IoIdYLxrKim2MjW0Q==, registry: https://registry.npm.taobao.org/, tarball: https://registry.npmmirror.com/asynckit/-/asynckit-0.4.0.tgz}
    name: asynckit
    version: 0.4.0
    dev: false

  registry.npmmirror.com/axios@1.4.0:
    resolution: {integrity: sha512-S4XCWMEmzvo64T9GfvQDOXgYRDJ/wsSZc7Jvdgx5u1sd0JwsuPLqb3SYmusag+edF6ziyMensPVqLTSc1PiSEA==, registry: https://registry.npm.taobao.org/, tarball: https://registry.npmmirror.com/axios/-/axios-1.4.0.tgz}
    name: axios
    version: 1.4.0
    dependencies:
      follow-redirects: registry.npmmirror.com/follow-redirects@1.15.2
      form-data: registry.npmmirror.com/form-data@4.0.0
      proxy-from-env: registry.npmmirror.com/proxy-from-env@1.1.0
    transitivePeerDependencies:
      - debug
    dev: false

  registry.npmmirror.com/combined-stream@1.0.8:
    resolution: {integrity: sha512-FQN4MRfuJeHf7cBbBMJFXhKSDq+2kAArBlmRBvcvFE5BB1HZKXtSFASDhdlz9zOYwxh8lDdnvmMOe/+5cdoEdg==, registry: https://registry.npm.taobao.org/, tarball: https://registry.npmmirror.com/combined-stream/-/combined-stream-1.0.8.tgz}
    name: combined-stream
    version: 1.0.8
    engines: {node: '>= 0.8'}
    dependencies:
      delayed-stream: registry.npmmirror.com/delayed-stream@1.0.0
    dev: false

  registry.npmmirror.com/create-require@1.1.1:
    resolution: {integrity: sha512-dcKFX3jn0MpIaXjisoRvexIJVEKzaq7z2rZKxf+MSr9TkdmHmsU4m2lcLojrj/FHl8mk5VxMmYA+ftRkP/3oKQ==, registry: https://registry.npm.taobao.org/, tarball: https://registry.npmmirror.com/create-require/-/create-require-1.1.1.tgz}
    name: create-require
    version: 1.1.1
    dev: true

  registry.npmmirror.com/delayed-stream@1.0.0:
    resolution: {integrity: sha512-ZySD7Nf91aLB0RxL4KGrKHBXl7Eds1DAmEdcoVawXnLD7SDhpNgtuII2aAkg7a7QS41jxPSZ17p4VdGnMHk3MQ==, registry: https://registry.npm.taobao.org/, tarball: https://registry.npmmirror.com/delayed-stream/-/delayed-stream-1.0.0.tgz}
    name: delayed-stream
    version: 1.0.0
    engines: {node: '>=0.4.0'}
    dev: false

  registry.npmmirror.com/diff@4.0.2:
    resolution: {integrity: sha512-58lmxKSA4BNyLz+HHMUzlOEpg09FV+ev6ZMe3vJihgdxzgcwZ8VoEEPmALCZG9LmqfVoNMMKpttIYTVG6uDY7A==, registry: https://registry.npm.taobao.org/, tarball: https://registry.npmmirror.com/diff/-/diff-4.0.2.tgz}
    name: diff
    version: 4.0.2
    engines: {node: '>=0.3.1'}
    dev: true

  registry.npmmirror.com/eventemitter3@5.0.1:
    resolution: {integrity: sha512-GWkBvjiSZK87ELrYOSESUYeVIc9mvLLf/nXalMOS5dYrgZq9o5OVkbZAVM06CVxYsCwH9BDZFPlQTlPA1j4ahA==, registry: https://registry.npm.taobao.org/, tarball: https://registry.npmmirror.com/eventemitter3/-/eventemitter3-5.0.1.tgz}
    name: eventemitter3
    version: 5.0.1
    dev: false

  registry.npmmirror.com/follow-redirects@1.15.2:
    resolution: {integrity: sha512-VQLG33o04KaQ8uYi2tVNbdrWp1QWxNNea+nmIB4EVM28v0hmP17z7aG1+wAkNzVq4KeXTq3221ye5qTJP91JwA==, registry: https://registry.npm.taobao.org/, tarball: https://registry.npmmirror.com/follow-redirects/-/follow-redirects-1.15.2.tgz}
    name: follow-redirects
    version: 1.15.2
    engines: {node: '>=4.0'}
    peerDependencies:
      debug: '*'
    peerDependenciesMeta:
      debug:
        optional: true
    dev: false

  registry.npmmirror.com/form-data@4.0.0:
    resolution: {integrity: sha512-ETEklSGi5t0QMZuiXoA/Q6vcnxcLQP5vdugSpuAyi6SVGi2clPPp+xgEhuMaHC+zGgn31Kd235W35f7Hykkaww==, registry: https://registry.npm.taobao.org/, tarball: https://registry.npmmirror.com/form-data/-/form-data-4.0.0.tgz}
    name: form-data
    version: 4.0.0
    engines: {node: '>= 6'}
    dependencies:
      asynckit: registry.npmmirror.com/asynckit@0.4.0
      combined-stream: registry.npmmirror.com/combined-stream@1.0.8
      mime-types: registry.npmmirror.com/mime-types@2.1.35
    dev: false

  registry.npmmirror.com/loglevel@1.8.1:
    resolution: {integrity: sha512-tCRIJM51SHjAayKwC+QAg8hT8vg6z7GSgLJKGvzuPb1Wc+hLzqtuVLxp6/HzSPOozuK+8ErAhy7U/sVzw8Dgfg==, registry: https://registry.npm.taobao.org/, tarball: https://registry.npmmirror.com/loglevel/-/loglevel-1.8.1.tgz}
    name: loglevel
    version: 1.8.1
    engines: {node: '>= 0.6.0'}
    dev: false

  registry.npmmirror.com/make-error@1.3.6:
    resolution: {integrity: sha512-s8UhlNe7vPKomQhC1qFelMokr/Sc3AgNbso3n74mVPA5LTZwkB9NlXf4XPamLxJE8h0gh73rM94xvwRT2CVInw==, registry: https://registry.npm.taobao.org/, tarball: https://registry.npmmirror.com/make-error/-/make-error-1.3.6.tgz}
    name: make-error
    version: 1.3.6
    dev: true

  registry.npmmirror.com/mime-db@1.52.0:
    resolution: {integrity: sha512-sPU4uV7dYlvtWJxwwxHD0PuihVNiE7TyAbQ5SWxDCB9mUYvOgroQOwYQQOKPJ8CIbE+1ETVlOoK1UC2nU3gYvg==, registry: https://registry.npm.taobao.org/, tarball: https://registry.npmmirror.com/mime-db/-/mime-db-1.52.0.tgz}
    name: mime-db
    version: 1.52.0
    engines: {node: '>= 0.6'}
    dev: false

  registry.npmmirror.com/mime-types@2.1.35:
    resolution: {integrity: sha512-ZDY+bPm5zTTF+YpCrAU9nK0UgICYPT0QtT1NZWFv4s++TNkcgVaT0g6+4R2uI4MjQjzysHB1zxuWL50hzaeXiw==, registry: https://registry.npm.taobao.org/, tarball: https://registry.npmmirror.com/mime-types/-/mime-types-2.1.35.tgz}
    name: mime-types
    version: 2.1.35
    engines: {node: '>= 0.6'}
    dependencies:
      mime-db: registry.npmmirror.com/mime-db@1.52.0
    dev: false

  registry.npmmirror.com/proxy-from-env@1.1.0:
    resolution: {integrity: sha512-D+zkORCbA9f1tdWRK0RaCR3GPv50cMxcrz4X8k5LTSUD1Dkw47mKJEZQNunItRTkWwgtaUSo1RVFRIG9ZXiFYg==, registry: https://registry.npm.taobao.org/, tarball: https://registry.npmmirror.com/proxy-from-env/-/proxy-from-env-1.1.0.tgz}
    name: proxy-from-env
    version: 1.1.0
    dev: false

  registry.npmmirror.com/qq-guild-bot@2.9.5:
    resolution: {integrity: sha512-vl5hvwRSwJV5sCv5rmClAZSfRHNU0ACmIMakJ+4HKkjIJI9ceHGJZYG5xeBx0yiVWtCzg+HSZzar0oO+/Udfsg==, registry: https://registry.npm.taobao.org/, tarball: https://registry.npmmirror.com/qq-guild-bot/-/qq-guild-bot-2.9.5.tgz}
    name: qq-guild-bot
    version: 2.9.5
    dependencies:
      loglevel: registry.npmmirror.com/loglevel@1.8.1
      resty-client: registry.npmmirror.com/resty-client@0.0.5
      ws: registry.npmmirror.com/ws@7.5.9
    transitivePeerDependencies:
      - bufferutil
      - debug
      - utf-8-validate
    dev: false

  registry.npmmirror.com/resty-client@0.0.5:
    resolution: {integrity: sha512-uMaqtdPv1jHM5c9aJenXNGY5IZvGlhdNs7H6FNWIPTUT+pstWlrYTaR0CTp0PkcYaCQ4BiCLlEpx+EdF+Eo1iQ==, registry: https://registry.npm.taobao.org/, tarball: https://registry.npmmirror.com/resty-client/-/resty-client-0.0.5.tgz}
    name: resty-client
    version: 0.0.5
    dependencies:
      axios: registry.npmmirror.com/axios@1.4.0
    transitivePeerDependencies:
      - debug
    dev: false

  registry.npmmirror.com/ts-node@10.9.1(@types/node@20.4.4)(typescript@5.1.6):
    resolution: {integrity: sha512-NtVysVPkxxrwFGUUxGYhfux8k78pQB3JqYBXlLRZgdGUqTO5wU/UyHop5p70iEbGhB7q5KmiZiU0Y3KlJrScEw==, registry: https://registry.npm.taobao.org/, tarball: https://registry.npmmirror.com/ts-node/-/ts-node-10.9.1.tgz}
    id: registry.npmmirror.com/ts-node/10.9.1
    name: ts-node
    version: 10.9.1
    hasBin: true
    peerDependencies:
      '@swc/core': '>=1.2.50'
      '@swc/wasm': '>=1.2.50'
      '@types/node': '*'
      typescript: '>=2.7'
    peerDependenciesMeta:
      '@swc/core':
        optional: true
      '@swc/wasm':
        optional: true
    dependencies:
      '@cspotcode/source-map-support': registry.npmmirror.com/@cspotcode/source-map-support@0.8.1
      '@tsconfig/node10': registry.npmmirror.com/@tsconfig/node10@1.0.9
      '@tsconfig/node12': registry.npmmirror.com/@tsconfig/node12@1.0.11
      '@tsconfig/node14': registry.npmmirror.com/@tsconfig/node14@1.0.3
      '@tsconfig/node16': registry.npmmirror.com/@tsconfig/node16@1.0.4
      '@types/node': registry.npmmirror.com/@types/node@20.4.4
      acorn: registry.npmmirror.com/acorn@8.10.0
      acorn-walk: registry.npmmirror.com/acorn-walk@8.2.0
      arg: registry.npmmirror.com/arg@4.1.3
      create-require: registry.npmmirror.com/create-require@1.1.1
      diff: registry.npmmirror.com/diff@4.0.2
      make-error: registry.npmmirror.com/make-error@1.3.6
      typescript: registry.npmmirror.com/typescript@5.1.6
      v8-compile-cache-lib: registry.npmmirror.com/v8-compile-cache-lib@3.0.1
      yn: registry.npmmirror.com/yn@3.1.1
    dev: true

  registry.npmmirror.com/typescript@5.1.6:
    resolution: {integrity: sha512-zaWCozRZ6DLEWAWFrVDz1H6FVXzUSfTy5FUMWsQlU8Ym5JP9eO4xkTIROFCQvhQf61z6O/G6ugw3SgAnvvm+HA==, registry: https://registry.npm.taobao.org/, tarball: https://registry.npmmirror.com/typescript/-/typescript-5.1.6.tgz}
    name: typescript
    version: 5.1.6
    engines: {node: '>=14.17'}
    hasBin: true
    dev: true

  registry.npmmirror.com/v8-compile-cache-lib@3.0.1:
    resolution: {integrity: sha512-wa7YjyUGfNZngI/vtK0UHAN+lgDCxBPCylVXGp0zu59Fz5aiGtNXaq3DhIov063MorB+VfufLh3JlF2KdTK3xg==, registry: https://registry.npm.taobao.org/, tarball: https://registry.npmmirror.com/v8-compile-cache-lib/-/v8-compile-cache-lib-3.0.1.tgz}
    name: v8-compile-cache-lib
    version: 3.0.1
    dev: true

  registry.npmmirror.com/ws@7.5.9:
    resolution: {integrity: sha512-F+P9Jil7UiSKSkppIiD94dN07AwvFixvLIj1Og1Rl9GGMuNipJnV9JzjD6XuqmAeiswGvUmNLjr5cFuXwNS77Q==, registry: https://registry.npm.taobao.org/, tarball: https://registry.npmmirror.com/ws/-/ws-7.5.9.tgz}
    name: ws
    version: 7.5.9
    engines: {node: '>=8.3.0'}
    peerDependencies:
      bufferutil: ^4.0.1
      utf-8-validate: ^5.0.2
    peerDependenciesMeta:
      bufferutil:
        optional: true
      utf-8-validate:
        optional: true
    dev: false

  registry.npmmirror.com/yn@3.1.1:
    resolution: {integrity: sha512-Ux4ygGWsu2c7isFWe8Yu1YluJmqVhxqK2cLXNQA5AcC3QfbGNpM7fu0Y8b/z16pXLnFxZYvWhd3fhBY9DLmC6Q==, registry: https://registry.npm.taobao.org/, tarball: https://registry.npmmirror.com/yn/-/yn-3.1.1.tgz}
    name: yn
    version: 3.1.1
    engines: {node: '>=6'}
    dev: true
